
Microsoft Visual Studio Solution File, Format Version 12.00
# Visual Studio 15
VisualStudioVersion = 15.0.28307.902
MinimumVisualStudioVersion = 10.0.40219.1
Project("{9A19103F-16F7-4668-BE54-9A1E7A4F7556}") = "Totten.Solutions.WolfMonitor.Client.Service", "Totten.Solutions.WolfMonitor.Client.Service\Totten.Solutions.WolfMonitor.Client.Service.csproj", "{0718BF27-250D-4E60-8767-BBA19783ADBA}"
EndProject
Project("{2150E333-8FDC-42A3-9474-1A3956D46DE8}") = "1. Presentation Layer", "1. Presentation Layer", "{21E1CD3A-1F6F-4E71-99B4-ED5A18DBB03B}"
EndProject
Project("{2150E333-8FDC-42A3-9474-1A3956D46DE8}") = "2. Application Layer", "2. Application Layer", "{1CF27162-6611-4151-AD0A-20F3EEC1E793}"
EndProject
Project("{2150E333-8FDC-42A3-9474-1A3956D46DE8}") = "3. Domain Layer", "3. Domain Layer", "{3B4BDCAE-15C6-4C9F-9D42-8FA7D0DB0EFB}"
EndProject
Project("{9A19103F-16F7-4668-BE54-9A1E7A4F7556}") = "Totten.Solutions.WolfMonitor.Client.Appl", "Totten.Solutions.WolfMonitor.Client.Appl\Totten.Solutions.WolfMonitor.Client.Appl.csproj", "{1EFFACC5-418D-412B-9E14-813291BF2B0A}"
EndProject
Project("{9A19103F-16F7-4668-BE54-9A1E7A4F7556}") = "Totten.Solutions.WolfMonitor.Client.Domain", "Totten.Solutions.WolfMonitor.Client.Domain\Totten.Solutions.WolfMonitor.Client.Domain.csproj", "{55CF0C53-35A0-4D02-9E1C-B7E95D4D9541}"
EndProject
Project("{2150E333-8FDC-42A3-9474-1A3956D46DE8}") = "3. InfraLayer", "3. InfraLayer", "{99A6FEC9-B920-49D9-89B0-26EF0695FA94}"
EndProject
Project("{9A19103F-16F7-4668-BE54-9A1E7A4F7556}") = "Totten.Solutions.WolfMonitor.Client.Infra.Data.Https", "Totten.Solutions.WolfMonitor.Client.Infra.Data.Https\Totten.Solutions.WolfMonitor.Client.Infra.Data.Https.csproj", "{969AD34D-0660-4C88-92E7-D44450FEAA0F}"
EndProject
Project("{9A19103F-16F7-4668-BE54-9A1E7A4F7556}") = "Totten.Solutions.WolfMonitor.Infra.CrossCutting", "Totten.Solutions.WolfMonitor.Client.Infra.CrossCutting\Totten.Solutions.WolfMonitor.Infra.CrossCutting.csproj", "{F1CA9375-68CD-4CE1-B6D8-9EEF2597E7D6}"
EndProject
Global
	GlobalSection(SolutionConfigurationPlatforms) = preSolution
		Debug|Any CPU = Debug|Any CPU
		Release|Any CPU = Release|Any CPU
	EndGlobalSection
	GlobalSection(ProjectConfigurationPlatforms) = postSolution
		{0718BF27-250D-4E60-8767-BBA19783ADBA}.Debug|Any CPU.ActiveCfg = Debug|Any CPU
		{0718BF27-250D-4E60-8767-BBA19783ADBA}.Debug|Any CPU.Build.0 = Debug|Any CPU
		{0718BF27-250D-4E60-8767-BBA19783ADBA}.Release|Any CPU.ActiveCfg = Release|Any CPU
		{0718BF27-250D-4E60-8767-BBA19783ADBA}.Release|Any CPU.Build.0 = Release|Any CPU
		{1EFFACC5-418D-412B-9E14-813291BF2B0A}.Debug|Any CPU.ActiveCfg = Debug|Any CPU
		{1EFFACC5-418D-412B-9E14-813291BF2B0A}.Debug|Any CPU.Build.0 = Debug|Any CPU
		{1EFFACC5-418D-412B-9E14-813291BF2B0A}.Release|Any CPU.ActiveCfg = Release|Any CPU
		{1EFFACC5-418D-412B-9E14-813291BF2B0A}.Release|Any CPU.Build.0 = Release|Any CPU
		{55CF0C53-35A0-4D02-9E1C-B7E95D4D9541}.Debug|Any CPU.ActiveCfg = Debug|Any CPU
		{55CF0C53-35A0-4D02-9E1C-B7E95D4D9541}.Debug|Any CPU.Build.0 = Debug|Any CPU
		{55CF0C53-35A0-4D02-9E1C-B7E95D4D9541}.Release|Any CPU.ActiveCfg = Release|Any CPU
		{55CF0C53-35A0-4D02-9E1C-B7E95D4D9541}.Release|Any CPU.Build.0 = Release|Any CPU
		{969AD34D-0660-4C88-92E7-D44450FEAA0F}.Debug|Any CPU.ActiveCfg = Debug|Any CPU
		{969AD34D-0660-4C88-92E7-D44450FEAA0F}.Debug|Any CPU.Build.0 = Debug|Any CPU
		{969AD34D-0660-4C88-92E7-D44450FEAA0F}.Release|Any CPU.ActiveCfg = Release|Any CPU
		{969AD34D-0660-4C88-92E7-D44450FEAA0F}.Release|Any CPU.Build.0 = Release|Any CPU
		{F1CA9375-68CD-4CE1-B6D8-9EEF2597E7D6}.Debug|Any CPU.ActiveCfg = Debug|Any CPU
		{F1CA9375-68CD-4CE1-B6D8-9EEF2597E7D6}.Debug|Any CPU.Build.0 = Debug|Any CPU
		{F1CA9375-68CD-4CE1-B6D8-9EEF2597E7D6}.Release|Any CPU.ActiveCfg = Release|Any CPU
		{F1CA9375-68CD-4CE1-B6D8-9EEF2597E7D6}.Release|Any CPU.Build.0 = Release|Any CPU
	EndGlobalSection
	GlobalSection(SolutionProperties) = preSolution
		HideSolutionNode = FALSE
	EndGlobalSection
	GlobalSection(NestedProjects) = preSolution
		{0718BF27-250D-4E60-8767-BBA19783ADBA} = {21E1CD3A-1F6F-4E71-99B4-ED5A18DBB03B}
		{1EFFACC5-418D-412B-9E14-813291BF2B0A} = {1CF27162-6611-4151-AD0A-20F3EEC1E793}
		{55CF0C53-35A0-4D02-9E1C-B7E95D4D9541} = {3B4BDCAE-15C6-4C9F-9D42-8FA7D0DB0EFB}
		{969AD34D-0660-4C88-92E7-D44450FEAA0F} = {99A6FEC9-B920-49D9-89B0-26EF0695FA94}
		{F1CA9375-68CD-4CE1-B6D8-9EEF2597E7D6} = {99A6FEC9-B920-49D9-89B0-26EF0695FA94}
	EndGlobalSection
	GlobalSection(ExtensibilityGlobals) = postSolution
		SolutionGuid = {EB00A1DC-426A-48FB-AD90-8299ECB39B04}
	EndGlobalSection
EndGlobal
